
Microsoft Visual Studio Solution File, Format Version 12.00
# Visual Studio Version 16
VisualStudioVersion = 16.0.31019.35
MinimumVisualStudioVersion = 10.0.40219.1
Project("{FAE04EC0-301F-11D3-BF4B-00C04F79EFBC}") = "ContosoUniversity", "ContosoUniversity\ContosoUniversity.csproj", "{30B6E67E-6399-4128-9935-86438F3DFA9B}"
EndProject
Global
	GlobalSection(SolutionConfigurationPlatforms) = preSolution
		Debug|Any CPU = Debug|Any CPU
		Release|Any CPU = Release|Any CPU
	EndGlobalSection
	GlobalSection(ProjectConfigurationPlatforms) = postSolution
		{30B6E67E-6399-4128-9935-86438F3DFA9B}.Debug|Any CPU.ActiveCfg = Debug|Any CPU
		{30B6E67E-6399-4128-9935-86438F3DFA9B}.Debug|Any CPU.Build.0 = Debug|Any CPU
		{30B6E67E-6399-4128-9935-86438F3DFA9B}.Release|Any CPU.ActiveCfg = Release|Any CPU
		{30B6E67E-6399-4128-9935-86438F3DFA9B}.Release|Any CPU.Build.0 = Release|Any CPU
	EndGlobalSection
	GlobalSection(SolutionProperties) = preSolution
		HideSolutionNode = FALSE
	EndGlobalSection
	GlobalSection(ExtensibilityGlobals) = postSolution
		SolutionGuid = {AB1860C9-41AE-41A2-AF0F-984268D23A61}
	EndGlobalSection
EndGlobal
